
Microsoft Visual Studio Solution File, Format Version 12.00
# Visual Studio 15
VisualStudioVersion = 15.0.28307.572
MinimumVisualStudioVersion = 10.0.40219.1
Project("{FAE04EC0-301F-11D3-BF4B-00C04F79EFBC}") = "GoogleApisTranslateWrapper", "GoogleApisTranslateWrapper.csproj", "{27351AEC-8A3A-41A9-8E0C-230258669AED}"
EndProject
Global
	GlobalSection(SolutionConfigurationPlatforms) = preSolution
		Debug|Any CPU = Debug|Any CPU
		Release|Any CPU = Release|Any CPU
	EndGlobalSection
	GlobalSection(ProjectConfigurationPlatforms) = postSolution
		{27351AEC-8A3A-41A9-8E0C-230258669AED}.Debug|Any CPU.ActiveCfg = Debug|Any CPU
		{27351AEC-8A3A-41A9-8E0C-230258669AED}.Debug|Any CPU.Build.0 = Debug|Any CPU
		{27351AEC-8A3A-41A9-8E0C-230258669AED}.Release|Any CPU.ActiveCfg = Release|Any CPU
		{27351AEC-8A3A-41A9-8E0C-230258669AED}.Release|Any CPU.Build.0 = Release|Any CPU
	EndGlobalSection
	GlobalSection(SolutionProperties) = preSolution
		HideSolutionNode = FALSE
	EndGlobalSection
	GlobalSection(ExtensibilityGlobals) = postSolution
		SolutionGuid = {91B7C6BE-1DC2-435C-B5AB-CEF1738DEB50}
	EndGlobalSection
EndGlobal
